
Microsoft Visual Studio Solution File, Format Version 12.00
# Visual Studio Version 16
VisualStudioVersion = 16.0.30611.23
MinimumVisualStudioVersion = 10.0.40219.1
Project("{FAE04EC0-301F-11D3-BF4B-00C04F79EFBC}") = "Slots", "Slots\Slots.csproj", "{0AE334E6-33A3-48EB-8C4E-684321CECFF8}"
EndProject
Global
	GlobalSection(SolutionConfigurationPlatforms) = preSolution
		Debug|Any CPU = Debug|Any CPU
		Release|Any CPU = Release|Any CPU
	EndGlobalSection
	GlobalSection(ProjectConfigurationPlatforms) = postSolution
		{0AE334E6-33A3-48EB-8C4E-684321CECFF8}.Debug|Any CPU.ActiveCfg = Debug|Any CPU
		{0AE334E6-33A3-48EB-8C4E-684321CECFF8}.Debug|Any CPU.Build.0 = Debug|Any CPU
		{0AE334E6-33A3-48EB-8C4E-684321CECFF8}.Release|Any CPU.ActiveCfg = Release|Any CPU
		{0AE334E6-33A3-48EB-8C4E-684321CECFF8}.Release|Any CPU.Build.0 = Release|Any CPU
	EndGlobalSection
	GlobalSection(SolutionProperties) = preSolution
		HideSolutionNode = FALSE
	EndGlobalSection
	GlobalSection(ExtensibilityGlobals) = postSolution
		SolutionGuid = {BD497A22-FF93-4763-8258-8287DA559BA8}
	EndGlobalSection
EndGlobal
